
Microsoft Visual Studio Solution File, Format Version 12.00
# Visual Studio Version 17
VisualStudioVersion = 17.2.32519.379
MinimumVisualStudioVersion = 10.0.40219.1
Project("{FAE04EC0-301F-11D3-BF4B-00C04F79EFBC}") = "DemoXamarinServiceNative.Android", "DemoXamarinServiceNative\DemoXamarinServiceNative.Android\DemoXamarinServiceNative.Android.csproj", "{E8652804-E690-427B-BE86-C5BE2A65A3E5}"
EndProject
Project("{FAE04EC0-301F-11D3-BF4B-00C04F79EFBC}") = "DemoXamarinServiceNative.iOS", "DemoXamarinServiceNative\DemoXamarinServiceNative.iOS\DemoXamarinServiceNative.iOS.csproj", "{DAEAF35A-381B-4C62-B99C-97E45A290A0B}"
EndProject
Project("{FAE04EC0-301F-11D3-BF4B-00C04F79EFBC}") = "DemoXamarinServiceNative", "DemoXamarinServiceNative\DemoXamarinServiceNative\DemoXamarinServiceNative.csproj", "{C46080DE-3F77-4911-88C8-A18C0B1CF3E6}"
EndProject
Global
	GlobalSection(SolutionConfigurationPlatforms) = preSolution
		Debug|Any CPU = Debug|Any CPU
		Debug|iPhone = Debug|iPhone
		Debug|iPhoneSimulator = Debug|iPhoneSimulator
		Release|Any CPU = Release|Any CPU
		Release|iPhone = Release|iPhone
		Release|iPhoneSimulator = Release|iPhoneSimulator
	EndGlobalSection
	GlobalSection(ProjectConfigurationPlatforms) = postSolution
		{E8652804-E690-427B-BE86-C5BE2A65A3E5}.Debug|Any CPU.ActiveCfg = Debug|Any CPU
		{E8652804-E690-427B-BE86-C5BE2A65A3E5}.Debug|Any CPU.Build.0 = Debug|Any CPU
		{E8652804-E690-427B-BE86-C5BE2A65A3E5}.Debug|Any CPU.Deploy.0 = Debug|Any CPU
		{E8652804-E690-427B-BE86-C5BE2A65A3E5}.Debug|iPhone.ActiveCfg = Debug|Any CPU
		{E8652804-E690-427B-BE86-C5BE2A65A3E5}.Debug|iPhone.Build.0 = Debug|Any CPU
		{E8652804-E690-427B-BE86-C5BE2A65A3E5}.Debug|iPhone.Deploy.0 = Debug|Any CPU
		{E8652804-E690-427B-BE86-C5BE2A65A3E5}.Debug|iPhoneSimulator.ActiveCfg = Debug|Any CPU
		{E8652804-E690-427B-BE86-C5BE2A65A3E5}.Debug|iPhoneSimulator.Build.0 = Debug|Any CPU
		{E8652804-E690-427B-BE86-C5BE2A65A3E5}.Debug|iPhoneSimulator.Deploy.0 = Debug|Any CPU
		{E8652804-E690-427B-BE86-C5BE2A65A3E5}.Release|Any CPU.ActiveCfg = Release|Any CPU
		{E8652804-E690-427B-BE86-C5BE2A65A3E5}.Release|Any CPU.Build.0 = Release|Any CPU
		{E8652804-E690-427B-BE86-C5BE2A65A3E5}.Release|Any CPU.Deploy.0 = Release|Any CPU
		{E8652804-E690-427B-BE86-C5BE2A65A3E5}.Release|iPhone.ActiveCfg = Release|Any CPU
		{E8652804-E690-427B-BE86-C5BE2A65A3E5}.Release|iPhone.Build.0 = Release|Any CPU
		{E8652804-E690-427B-BE86-C5BE2A65A3E5}.Release|iPhone.Deploy.0 = Release|Any CPU
		{E8652804-E690-427B-BE86-C5BE2A65A3E5}.Release|iPhoneSimulator.ActiveCfg = Release|Any CPU
		{E8652804-E690-427B-BE86-C5BE2A65A3E5}.Release|iPhoneSimulator.Build.0 = Release|Any CPU
		{E8652804-E690-427B-BE86-C5BE2A65A3E5}.Release|iPhoneSimulator.Deploy.0 = Release|Any CPU
		{DAEAF35A-381B-4C62-B99C-97E45A290A0B}.Debug|Any CPU.ActiveCfg = Debug|iPhone
		{DAEAF35A-381B-4C62-B99C-97E45A290A0B}.Debug|Any CPU.Build.0 = Debug|iPhone
		{DAEAF35A-381B-4C62-B99C-97E45A290A0B}.Debug|Any CPU.Deploy.0 = Debug|iPhone
		{DAEAF35A-381B-4C62-B99C-97E45A290A0B}.Debug|iPhone.ActiveCfg = Debug|iPhone
		{DAEAF35A-381B-4C62-B99C-97E45A290A0B}.Debug|iPhone.Build.0 = Debug|iPhone
		{DAEAF35A-381B-4C62-B99C-97E45A290A0B}.Debug|iPhone.Deploy.0 = Debug|iPhone
		{DAEAF35A-381B-4C62-B99C-97E45A290A0B}.Debug|iPhoneSimulator.ActiveCfg = Debug|iPhoneSimulator
		{DAEAF35A-381B-4C62-B99C-97E45A290A0B}.Debug|iPhoneSimulator.Build.0 = Debug|iPhoneSimulator
		{DAEAF35A-381B-4C62-B99C-97E45A290A0B}.Debug|iPhoneSimulator.Deploy.0 = Debug|iPhoneSimulator
		{DAEAF35A-381B-4C62-B99C-97E45A290A0B}.Release|Any CPU.ActiveCfg = Release|iPhoneSimulator
		{DAEAF35A-381B-4C62-B99C-97E45A290A0B}.Release|Any CPU.Build.0 = Release|iPhoneSimulator
		{DAEAF35A-381B-4C62-B99C-97E45A290A0B}.Release|Any CPU.Deploy.0 = Release|iPhoneSimulator
		{DAEAF35A-381B-4C62-B99C-97E45A290A0B}.Release|iPhone.ActiveCfg = Release|iPhone
		{DAEAF35A-381B-4C62-B99C-97E45A290A0B}.Release|iPhone.Build.0 = Release|iPhone
		{DAEAF35A-381B-4C62-B99C-97E45A290A0B}.Release|iPhone.Deploy.0 = Release|iPhone
		{DAEAF35A-381B-4C62-B99C-97E45A290A0B}.Release|iPhoneSimulator.ActiveCfg = Release|iPhoneSimulator
		{DAEAF35A-381B-4C62-B99C-97E45A290A0B}.Release|iPhoneSimulator.Build.0 = Release|iPhoneSimulator
		{DAEAF35A-381B-4C62-B99C-97E45A290A0B}.Release|iPhoneSimulator.Deploy.0 = Release|iPhoneSimulator
		{C46080DE-3F77-4911-88C8-A18C0B1CF3E6}.Debug|Any CPU.ActiveCfg = Debug|Any CPU
		{C46080DE-3F77-4911-88C8-A18C0B1CF3E6}.Debug|Any CPU.Build.0 = Debug|Any CPU
		{C46080DE-3F77-4911-88C8-A18C0B1CF3E6}.Debug|Any CPU.Deploy.0 = Debug|Any CPU
		{C46080DE-3F77-4911-88C8-A18C0B1CF3E6}.Debug|iPhone.ActiveCfg = Debug|Any CPU
		{C46080DE-3F77-4911-88C8-A18C0B1CF3E6}.Debug|iPhone.Build.0 = Debug|Any CPU
		{C46080DE-3F77-4911-88C8-A18C0B1CF3E6}.Debug|iPhone.Deploy.0 = Debug|Any CPU
		{C46080DE-3F77-4911-88C8-A18C0B1CF3E6}.Debug|iPhoneSimulator.ActiveCfg = Debug|Any CPU
		{C46080DE-3F77-4911-88C8-A18C0B1CF3E6}.Debug|iPhoneSimulator.Build.0 = Debug|Any CPU
		{C46080DE-3F77-4911-88C8-A18C0B1CF3E6}.Debug|iPhoneSimulator.Deploy.0 = Debug|Any CPU
		{C46080DE-3F77-4911-88C8-A18C0B1CF3E6}.Release|Any CPU.ActiveCfg = Release|Any CPU
		{C46080DE-3F77-4911-88C8-A18C0B1CF3E6}.Release|Any CPU.Build.0 = Release|Any CPU
		{C46080DE-3F77-4911-88C8-A18C0B1CF3E6}.Release|Any CPU.Deploy.0 = Release|Any CPU
		{C46080DE-3F77-4911-88C8-A18C0B1CF3E6}.Release|iPhone.ActiveCfg = Release|Any CPU
		{C46080DE-3F77-4911-88C8-A18C0B1CF3E6}.Release|iPhone.Build.0 = Release|Any CPU
		{C46080DE-3F77-4911-88C8-A18C0B1CF3E6}.Release|iPhone.Deploy.0 = Release|Any CPU
		{C46080DE-3F77-4911-88C8-A18C0B1CF3E6}.Release|iPhoneSimulator.ActiveCfg = Release|Any CPU
		{C46080DE-3F77-4911-88C8-A18C0B1CF3E6}.Release|iPhoneSimulator.Build.0 = Release|Any CPU
		{C46080DE-3F77-4911-88C8-A18C0B1CF3E6}.Release|iPhoneSimulator.Deploy.0 = Release|Any CPU
	EndGlobalSection
	GlobalSection(SolutionProperties) = preSolution
		HideSolutionNode = FALSE
	EndGlobalSection
	GlobalSection(ExtensibilityGlobals) = postSolution
		SolutionGuid = {5B52653E-61B3-4128-B69F-BE9F7FBF8B39}
	EndGlobalSection
EndGlobal
