
Microsoft Visual Studio Solution File, Format Version 12.00
# Visual Studio Version 17
VisualStudioVersion = 17.2.32519.379
MinimumVisualStudioVersion = 10.0.40219.1
Project("{FAE04EC0-301F-11D3-BF4B-00C04F79EFBC}") = "TP_LAYOUTS.Android", "TP_LAYOUTS\TP_LAYOUTS.Android\TP_LAYOUTS.Android.csproj", "{64E211C8-CA6D-4A80-AEE6-A1A96BB0DE18}"
EndProject
Project("{FAE04EC0-301F-11D3-BF4B-00C04F79EFBC}") = "TP_LAYOUTS.iOS", "TP_LAYOUTS\TP_LAYOUTS.iOS\TP_LAYOUTS.iOS.csproj", "{886C4B24-4F02-428D-9D09-AFDA491479F8}"
EndProject
Project("{FAE04EC0-301F-11D3-BF4B-00C04F79EFBC}") = "TP_LAYOUTS", "TP_LAYOUTS\TP_LAYOUTS\TP_LAYOUTS.csproj", "{A5D29913-5F5D-42EB-845B-446BA70F626A}"
EndProject
Global
	GlobalSection(SolutionConfigurationPlatforms) = preSolution
		Debug|Any CPU = Debug|Any CPU
		Debug|iPhone = Debug|iPhone
		Debug|iPhoneSimulator = Debug|iPhoneSimulator
		Release|Any CPU = Release|Any CPU
		Release|iPhone = Release|iPhone
		Release|iPhoneSimulator = Release|iPhoneSimulator
	EndGlobalSection
	GlobalSection(ProjectConfigurationPlatforms) = postSolution
		{64E211C8-CA6D-4A80-AEE6-A1A96BB0DE18}.Debug|Any CPU.ActiveCfg = Debug|Any CPU
		{64E211C8-CA6D-4A80-AEE6-A1A96BB0DE18}.Debug|Any CPU.Build.0 = Debug|Any CPU
		{64E211C8-CA6D-4A80-AEE6-A1A96BB0DE18}.Debug|Any CPU.Deploy.0 = Debug|Any CPU
		{64E211C8-CA6D-4A80-AEE6-A1A96BB0DE18}.Debug|iPhone.ActiveCfg = Debug|Any CPU
		{64E211C8-CA6D-4A80-AEE6-A1A96BB0DE18}.Debug|iPhone.Build.0 = Debug|Any CPU
		{64E211C8-CA6D-4A80-AEE6-A1A96BB0DE18}.Debug|iPhone.Deploy.0 = Debug|Any CPU
		{64E211C8-CA6D-4A80-AEE6-A1A96BB0DE18}.Debug|iPhoneSimulator.ActiveCfg = Debug|Any CPU
		{64E211C8-CA6D-4A80-AEE6-A1A96BB0DE18}.Debug|iPhoneSimulator.Build.0 = Debug|Any CPU
		{64E211C8-CA6D-4A80-AEE6-A1A96BB0DE18}.Debug|iPhoneSimulator.Deploy.0 = Debug|Any CPU
		{64E211C8-CA6D-4A80-AEE6-A1A96BB0DE18}.Release|Any CPU.ActiveCfg = Release|Any CPU
		{64E211C8-CA6D-4A80-AEE6-A1A96BB0DE18}.Release|Any CPU.Build.0 = Release|Any CPU
		{64E211C8-CA6D-4A80-AEE6-A1A96BB0DE18}.Release|Any CPU.Deploy.0 = Release|Any CPU
		{64E211C8-CA6D-4A80-AEE6-A1A96BB0DE18}.Release|iPhone.ActiveCfg = Release|Any CPU
		{64E211C8-CA6D-4A80-AEE6-A1A96BB0DE18}.Release|iPhone.Build.0 = Release|Any CPU
		{64E211C8-CA6D-4A80-AEE6-A1A96BB0DE18}.Release|iPhone.Deploy.0 = Release|Any CPU
		{64E211C8-CA6D-4A80-AEE6-A1A96BB0DE18}.Release|iPhoneSimulator.ActiveCfg = Release|Any CPU
		{64E211C8-CA6D-4A80-AEE6-A1A96BB0DE18}.Release|iPhoneSimulator.Build.0 = Release|Any CPU
		{64E211C8-CA6D-4A80-AEE6-A1A96BB0DE18}.Release|iPhoneSimulator.Deploy.0 = Release|Any CPU
		{886C4B24-4F02-428D-9D09-AFDA491479F8}.Debug|Any CPU.ActiveCfg = Debug|iPhone
		{886C4B24-4F02-428D-9D09-AFDA491479F8}.Debug|Any CPU.Build.0 = Debug|iPhone
		{886C4B24-4F02-428D-9D09-AFDA491479F8}.Debug|Any CPU.Deploy.0 = Debug|iPhone
		{886C4B24-4F02-428D-9D09-AFDA491479F8}.Debug|iPhone.ActiveCfg = Debug|iPhone
		{886C4B24-4F02-428D-9D09-AFDA491479F8}.Debug|iPhone.Build.0 = Debug|iPhone
		{886C4B24-4F02-428D-9D09-AFDA491479F8}.Debug|iPhone.Deploy.0 = Debug|iPhone
		{886C4B24-4F02-428D-9D09-AFDA491479F8}.Debug|iPhoneSimulator.ActiveCfg = Debug|iPhoneSimulator
		{886C4B24-4F02-428D-9D09-AFDA491479F8}.Debug|iPhoneSimulator.Build.0 = Debug|iPhoneSimulator
		{886C4B24-4F02-428D-9D09-AFDA491479F8}.Debug|iPhoneSimulator.Deploy.0 = Debug|iPhoneSimulator
		{886C4B24-4F02-428D-9D09-AFDA491479F8}.Release|Any CPU.ActiveCfg = Release|iPhoneSimulator
		{886C4B24-4F02-428D-9D09-AFDA491479F8}.Release|Any CPU.Build.0 = Release|iPhoneSimulator
		{886C4B24-4F02-428D-9D09-AFDA491479F8}.Release|Any CPU.Deploy.0 = Release|iPhoneSimulator
		{886C4B24-4F02-428D-9D09-AFDA491479F8}.Release|iPhone.ActiveCfg = Release|iPhone
		{886C4B24-4F02-428D-9D09-AFDA491479F8}.Release|iPhone.Build.0 = Release|iPhone
		{886C4B24-4F02-428D-9D09-AFDA491479F8}.Release|iPhone.Deploy.0 = Release|iPhone
		{886C4B24-4F02-428D-9D09-AFDA491479F8}.Release|iPhoneSimulator.ActiveCfg = Release|iPhoneSimulator
		{886C4B24-4F02-428D-9D09-AFDA491479F8}.Release|iPhoneSimulator.Build.0 = Release|iPhoneSimulator
		{886C4B24-4F02-428D-9D09-AFDA491479F8}.Release|iPhoneSimulator.Deploy.0 = Release|iPhoneSimulator
		{A5D29913-5F5D-42EB-845B-446BA70F626A}.Debug|Any CPU.ActiveCfg = Debug|Any CPU
		{A5D29913-5F5D-42EB-845B-446BA70F626A}.Debug|Any CPU.Build.0 = Debug|Any CPU
		{A5D29913-5F5D-42EB-845B-446BA70F626A}.Debug|Any CPU.Deploy.0 = Debug|Any CPU
		{A5D29913-5F5D-42EB-845B-446BA70F626A}.Debug|iPhone.ActiveCfg = Debug|Any CPU
		{A5D29913-5F5D-42EB-845B-446BA70F626A}.Debug|iPhone.Build.0 = Debug|Any CPU
		{A5D29913-5F5D-42EB-845B-446BA70F626A}.Debug|iPhone.Deploy.0 = Debug|Any CPU
		{A5D29913-5F5D-42EB-845B-446BA70F626A}.Debug|iPhoneSimulator.ActiveCfg = Debug|Any CPU
		{A5D29913-5F5D-42EB-845B-446BA70F626A}.Debug|iPhoneSimulator.Build.0 = Debug|Any CPU
		{A5D29913-5F5D-42EB-845B-446BA70F626A}.Debug|iPhoneSimulator.Deploy.0 = Debug|Any CPU
		{A5D29913-5F5D-42EB-845B-446BA70F626A}.Release|Any CPU.ActiveCfg = Release|Any CPU
		{A5D29913-5F5D-42EB-845B-446BA70F626A}.Release|Any CPU.Build.0 = Release|Any CPU
		{A5D29913-5F5D-42EB-845B-446BA70F626A}.Release|Any CPU.Deploy.0 = Release|Any CPU
		{A5D29913-5F5D-42EB-845B-446BA70F626A}.Release|iPhone.ActiveCfg = Release|Any CPU
		{A5D29913-5F5D-42EB-845B-446BA70F626A}.Release|iPhone.Build.0 = Release|Any CPU
		{A5D29913-5F5D-42EB-845B-446BA70F626A}.Release|iPhone.Deploy.0 = Release|Any CPU
		{A5D29913-5F5D-42EB-845B-446BA70F626A}.Release|iPhoneSimulator.ActiveCfg = Release|Any CPU
		{A5D29913-5F5D-42EB-845B-446BA70F626A}.Release|iPhoneSimulator.Build.0 = Release|Any CPU
		{A5D29913-5F5D-42EB-845B-446BA70F626A}.Release|iPhoneSimulator.Deploy.0 = Release|Any CPU
	EndGlobalSection
	GlobalSection(SolutionProperties) = preSolution
		HideSolutionNode = FALSE
	EndGlobalSection
	GlobalSection(ExtensibilityGlobals) = postSolution
		SolutionGuid = {4C93D3B6-1F85-4ED6-A8CD-D3534A55FCD2}
	EndGlobalSection
EndGlobal
